// !$*UTF8*$!
{
	archiveVersion = 1;
	classes = {
	};
	objectVersion = 55;
	objects = {

/* Begin PBXBuildFile section */
		F79ED35328B10BE500F85235 /* AppDelegate.swift in Sources */ = {isa = PBXBuildFile; fileRef = F79ED35228B10BE500F85235 /* AppDelegate.swift */; };
		F79ED35528B10BE500F85235 /* SceneDelegate.swift in Sources */ = {isa = PBXBuildFile; fileRef = F79ED35428B10BE500F85235 /* SceneDelegate.swift */; };
		F79ED35728B10BE500F85235 /* ToDoListViewController.swift in Sources */ = {isa = PBXBuildFile; fileRef = F79ED35628B10BE500F85235 /* ToDoListViewController.swift */; };
		F79ED35A28B10BE500F85235 /* Main.storyboard in Resources */ = {isa = PBXBuildFile; fileRef = F79ED35828B10BE500F85235 /* Main.storyboard */; };
		F79ED35D28B10BE500F85235 /* ToDo.xcdatamodeld in Sources */ = {isa = PBXBuildFile; fileRef = F79ED35B28B10BE500F85235 /* ToDo.xcdatamodeld */; };
		F79ED35F28B10BE700F85235 /* Assets.xcassets in Resources */ = {isa = PBXBuildFile; fileRef = F79ED35E28B10BE700F85235 /* Assets.xcassets */; };
		F79ED36228B10BE700F85235 /* LaunchScreen.storyboard in Resources */ = {isa = PBXBuildFile; fileRef = F79ED36028B10BE700F85235 /* LaunchScreen.storyboard */; };
		F7ECC13A28BB4C0C00756CB8 /* CategoryViewController.swift in Sources */ = {isa = PBXBuildFile; fileRef = F7ECC13928BB4C0C00756CB8 /* CategoryViewController.swift */; };
		F7ECC14028BB9FB000756CB8 /* Realm in Frameworks */ = {isa = PBXBuildFile; productRef = F7ECC13F28BB9FB000756CB8 /* Realm */; };
		F7ECC14228BB9FB000756CB8 /* RealmSwift in Frameworks */ = {isa = PBXBuildFile; productRef = F7ECC14128BB9FB000756CB8 /* RealmSwift */; };
/* End PBXBuildFile section */

/* Begin PBXFileReference section */
		F79ED34F28B10BE500F85235 /* ToDo.app */ = {isa = PBXFileReference; explicitFileType = wrapper.application; includeInIndex = 0; path = ToDo.app; sourceTree = BUILT_PRODUCTS_DIR; };
		F79ED35228B10BE500F85235 /* AppDelegate.swift */ = {isa = PBXFileReference; lastKnownFileType = sourcecode.swift; path = AppDelegate.swift; sourceTree = "<group>"; };
		F79ED35428B10BE500F85235 /* SceneDelegate.swift */ = {isa = PBXFileReference; lastKnownFileType = sourcecode.swift; path = SceneDelegate.swift; sourceTree = "<group>"; };
		F79ED35628B10BE500F85235 /* ToDoListViewController.swift */ = {isa = PBXFileReference; lastKnownFileType = sourcecode.swift; path = ToDoListViewController.swift; sourceTree = "<group>"; };
		F79ED35928B10BE500F85235 /* Base */ = {isa = PBXFileReference; lastKnownFileType = file.storyboard; name = Base; path = Base.lproj/Main.storyboard; sourceTree = "<group>"; };
		F79ED35C28B10BE500F85235 /* ToDo.xcdatamodel */ = {isa = PBXFileReference; lastKnownFileType = wrapper.xcdatamodel; path = ToDo.xcdatamodel; sourceTree = "<group>"; };
		F79ED35E28B10BE700F85235 /* Assets.xcassets */ = {isa = PBXFileReference; lastKnownFileType = folder.assetcatalog; path = Assets.xcassets; sourceTree = "<group>"; };
		F79ED36128B10BE700F85235 /* Base */ = {isa = PBXFileReference; lastKnownFileType = file.storyboard; name = Base; path = Base.lproj/LaunchScreen.storyboard; sourceTree = "<group>"; };
		F79ED36328B10BE700F85235 /* Info.plist */ = {isa = PBXFileReference; lastKnownFileType = text.plist.xml; path = Info.plist; sourceTree = "<group>"; };
		F7ECC13928BB4C0C00756CB8 /* CategoryViewController.swift */ = {isa = PBXFileReference; lastKnownFileType = sourcecode.swift; path = CategoryViewController.swift; sourceTree = "<group>"; };
/* End PBXFileReference section */

/* Begin PBXFrameworksBuildPhase section */
		F79ED34C28B10BE500F85235 /* Frameworks */ = {
			isa = PBXFrameworksBuildPhase;
			buildActionMask = 2147483647;
			files = (
				F7ECC14228BB9FB000756CB8 /* RealmSwift in Frameworks */,
				F7ECC14028BB9FB000756CB8 /* Realm in Frameworks */,
			);
			runOnlyForDeploymentPostprocessing = 0;
		};
/* End PBXFrameworksBuildPhase section */

/* Begin PBXGroup section */
		F79ED34628B10BE500F85235 = {
			isa = PBXGroup;
			children = (
				F79ED35128B10BE500F85235 /* ToDo */,
				F79ED35028B10BE500F85235 /* Products */,
			);
			sourceTree = "<group>";
		};
		F79ED35028B10BE500F85235 /* Products */ = {
			isa = PBXGroup;
			children = (
				F79ED34F28B10BE500F85235 /* ToDo.app */,
			);
			name = Products;
			sourceTree = "<group>";
		};
		F79ED35128B10BE500F85235 /* ToDo */ = {
			isa = PBXGroup;
			children = (
				F7E134CF28B64E780087183A /* Model */,
				F7ECC13C28BB4C7500756CB8 /* View */,
				F7ECC13B28BB4C5900756CB8 /* Controller */,
				F7ECC13D28BB4C8800756CB8 /* App */,
				F79ED35E28B10BE700F85235 /* Assets.xcassets */,
			);
			path = ToDo;
			sourceTree = "<group>";
		};
		F7E134CF28B64E780087183A /* Model */ = {
			isa = PBXGroup;
			children = (
				F79ED35B28B10BE500F85235 /* ToDo.xcdatamodeld */,
			);
			path = Model;
			sourceTree = "<group>";
		};
		F7ECC13B28BB4C5900756CB8 /* Controller */ = {
			isa = PBXGroup;
			children = (
				F7ECC13928BB4C0C00756CB8 /* CategoryViewController.swift */,
				F79ED35628B10BE500F85235 /* ToDoListViewController.swift */,
			);
			path = Controller;
			sourceTree = "<group>";
		};
		F7ECC13C28BB4C7500756CB8 /* View */ = {
			isa = PBXGroup;
			children = (
				F79ED35828B10BE500F85235 /* Main.storyboard */,
				F79ED36028B10BE700F85235 /* LaunchScreen.storyboard */,
			);
			path = View;
			sourceTree = "<group>";
		};
		F7ECC13D28BB4C8800756CB8 /* App */ = {
			isa = PBXGroup;
			children = (
				F79ED36328B10BE700F85235 /* Info.plist */,
				F79ED35228B10BE500F85235 /* AppDelegate.swift */,
				F79ED35428B10BE500F85235 /* SceneDelegate.swift */,
			);
			path = App;
			sourceTree = "<group>";
		};
/* End PBXGroup section */

/* Begin PBXNativeTarget section */
		F79ED34E28B10BE500F85235 /* ToDo */ = {
			isa = PBXNativeTarget;
			buildConfigurationList = F79ED36628B10BE700F85235 /* Build configuration list for PBXNativeTarget "ToDo" */;
			buildPhases = (
				F79ED34B28B10BE500F85235 /* Sources */,
				F79ED34C28B10BE500F85235 /* Frameworks */,
				F79ED34D28B10BE500F85235 /* Resources */,
			);
			buildRules = (
			);
			dependencies = (
			);
			name = ToDo;
			packageProductDependencies = (
				F7ECC13F28BB9FB000756CB8 /* Realm */,
				F7ECC14128BB9FB000756CB8 /* RealmSwift */,
			);
			productName = ToDo;
			productReference = F79ED34F28B10BE500F85235 /* ToDo.app */;
			productType = "com.apple.product-type.application";
		};
/* End PBXNativeTarget section */

/* Begin PBXProject section */
		F79ED34728B10BE500F85235 /* Project object */ = {
			isa = PBXProject;
			attributes = {
				BuildIndependentTargetsInParallel = 1;
				LastSwiftUpdateCheck = 1340;
				LastUpgradeCheck = 1340;
				TargetAttributes = {
					F79ED34E28B10BE500F85235 = {
						CreatedOnToolsVersion = 13.4.1;
					};
				};
			};
			buildConfigurationList = F79ED34A28B10BE500F85235 /* Build configuration list for PBXProject "ToDo" */;
			compatibilityVersion = "Xcode 13.0";
			developmentRegion = en;
			hasScannedForEncodings = 0;
			knownRegions = (
				en,
				Base,
			);
			mainGroup = F79ED34628B10BE500F85235;
			packageReferences = (
				F7ECC13E28BB9FB000756CB8 /* XCRemoteSwiftPackageReference "realm-swift" */,
			);
			productRefGroup = F79ED35028B10BE500F85235 /* Products */;
			projectDirPath = "";
			projectRoot = "";
			targets = (
				F79ED34E28B10BE500F85235 /* ToDo */,
			);
		};
/* End PBXProject section */

/* Begin PBXResourcesBuildPhase section */
		F79ED34D28B10BE500F85235 /* Resources */ = {
			isa = PBXResourcesBuildPhase;
			buildActionMask = 2147483647;
			files = (
				F79ED36228B10BE700F85235 /* LaunchScreen.storyboard in Resources */,
				F79ED35F28B10BE700F85235 /* Assets.xcassets in Resources */,
				F79ED35A28B10BE500F85235 /* Main.storyboard in Resources */,
			);
			runOnlyForDeploymentPostprocessing = 0;
		};
/* End PBXResourcesBuildPhase section */

/* Begin PBXSourcesBuildPhase section */
		F79ED34B28B10BE500F85235 /* Sources */ = {
			isa = PBXSourcesBuildPhase;
			buildActionMask = 2147483647;
			files = (
				F7ECC13A28BB4C0C00756CB8 /* CategoryViewController.swift in Sources */,
				F79ED35728B10BE500F85235 /* ToDoListViewController.swift in Sources */,
				F79ED35328B10BE500F85235 /* AppDelegate.swift in Sources */,
				F79ED35528B10BE500F85235 /* SceneDelegate.swift in Sources */,
				F79ED35D28B10BE500F85235 /* ToDo.xcdatamodeld in Sources */,
			);
			runOnlyForDeploymentPostprocessing = 0;
		};
/* End PBXSourcesBuildPhase section */

/* Begin PBXVariantGroup section */
		F79ED35828B10BE500F85235 /* Main.storyboard */ = {
			isa = PBXVariantGroup;
			children = (
				F79ED35928B10BE500F85235 /* Base */,
			);
			name = Main.storyboard;
			sourceTree = "<group>";
		};
		F79ED36028B10BE700F85235 /* LaunchScreen.storyboard */ = {
			isa = PBXVariantGroup;
			children = (
				F79ED36128B10BE700F85235 /* Base */,
			);
			name = LaunchScreen.storyboard;
			sourceTree = "<group>";
		};
/* End PBXVariantGroup section */

/* Begin XCBuildConfiguration section */
		F79ED36428B10BE700F85235 /* Debug */ = {
			isa = XCBuildConfiguration;
			buildSettings = {
				ALWAYS_SEARCH_USER_PATHS = NO;
				CLANG_ANALYZER_NONNULL = YES;
				CLANG_ANALYZER_NUMBER_OBJECT_CONVERSION = YES_AGGRESSIVE;
				CLANG_CXX_LANGUAGE_STANDARD = "gnu++17";
				CLANG_ENABLE_MODULES = YES;
				CLANG_ENABLE_OBJC_ARC = YES;
				CLANG_ENABLE_OBJC_WEAK = YES;
				CLANG_WARN_BLOCK_CAPTURE_AUTORELEASING = YES;
				CLANG_WARN_BOOL_CONVERSION = YES;
				CLANG_WARN_COMMA = YES;
				CLANG_WARN_CONSTANT_CONVERSION = YES;
				CLANG_WARN_DEPRECATED_OBJC_IMPLEMENTATIONS = YES;
				CLANG_WARN_DIRECT_OBJC_ISA_USAGE = YES_ERROR;
				CLANG_WARN_DOCUMENTATION_COMMENTS = YES;
				CLANG_WARN_EMPTY_BODY = YES;
				CLANG_WARN_ENUM_CONVERSION = YES;
				CLANG_WARN_INFINITE_RECURSION = YES;
				CLANG_WARN_INT_CONVERSION = YES;
				CLANG_WARN_NON_LITERAL_NULL_CONVERSION = YES;
				CLANG_WARN_OBJC_IMPLICIT_RETAIN_SELF = YES;
				CLANG_WARN_OBJC_LITERAL_CONVERSION = YES;
				CLANG_WARN_OBJC_ROOT_CLASS = YES_ERROR;
				CLANG_WARN_QUOTED_INCLUDE_IN_FRAMEWORK_HEADER = YES;
				CLANG_WARN_RANGE_LOOP_ANALYSIS = YES;
				CLANG_WARN_STRICT_PROTOTYPES = YES;
				CLANG_WARN_SUSPICIOUS_MOVE = YES;
				CLANG_WARN_UNGUARDED_AVAILABILITY = YES_AGGRESSIVE;
				CLANG_WARN_UNREACHABLE_CODE = YES;
				CLANG_WARN__DUPLICATE_METHOD_MATCH = YES;
				COPY_PHASE_STRIP = NO;
				DEBUG_INFORMATION_FORMAT = dwarf;
				ENABLE_STRICT_OBJC_MSGSEND = YES;
				ENABLE_TESTABILITY = YES;
				GCC_C_LANGUAGE_STANDARD = gnu11;
				GCC_DYNAMIC_NO_PIC = NO;
				GCC_NO_COMMON_BLOCKS = YES;
				GCC_OPTIMIZATION_LEVEL = 0;
				GCC_PREPROCESSOR_DEFINITIONS = (
					"DEBUG=1",
					"$(inherited)",
				);
				GCC_WARN_64_TO_32_BIT_CONVERSION = YES;
				GCC_WARN_ABOUT_RETURN_TYPE = YES_ERROR;
				GCC_WARN_UNDECLARED_SELECTOR = YES;
				GCC_WARN_UNINITIALIZED_AUTOS = YES_AGGRESSIVE;
				GCC_WARN_UNUSED_FUNCTION = YES;
				GCC_WARN_UNUSED_VARIABLE = YES;
				IPHONEOS_DEPLOYMENT_TARGET = 15.5;
				MTL_ENABLE_DEBUG_INFO = INCLUDE_SOURCE;
				MTL_FAST_MATH = YES;
				ONLY_ACTIVE_ARCH = YES;
				SDKROOT = iphoneos;
				SWIFT_ACTIVE_COMPILATION_CONDITIONS = DEBUG;
				SWIFT_OPTIMIZATION_LEVEL = "-Onone";
			};
			name = Debug;
		};
		F79ED36528B10BE700F85235 /* Release */ = {
			isa = XCBuildConfiguration;
			buildSettings = {
				ALWAYS_SEARCH_USER_PATHS = NO;
				CLANG_ANALYZER_NONNULL = YES;
				CLANG_ANALYZER_NUMBER_OBJECT_CONVERSION = YES_AGGRESSIVE;
				CLANG_CXX_LANGUAGE_STANDARD = "gnu++17";
				CLANG_ENABLE_MODULES = YES;
				CLANG_ENABLE_OBJC_ARC = YES;
				CLANG_ENABLE_OBJC_WEAK = YES;
				CLANG_WARN_BLOCK_CAPTURE_AUTORELEASING = YES;
				CLANG_WARN_BOOL_CONVERSION = YES;
				CLANG_WARN_COMMA = YES;
				CLANG_WARN_CONSTANT_CONVERSION = YES;
				CLANG_WARN_DEPRECATED_OBJC_IMPLEMENTATIONS = YES;
				CLANG_WARN_DIRECT_OBJC_ISA_USAGE = YES_ERROR;
				CLANG_WARN_DOCUMENTATION_COMMENTS = YES;
				CLANG_WARN_EMPTY_BODY = YES;
				CLANG_WARN_ENUM_CONVERSION = YES;
				CLANG_WARN_INFINITE_RECURSION = YES;
				CLANG_WARN_INT_CONVERSION = YES;
				CLANG_WARN_NON_LITERAL_NULL_CONVERSION = YES;
				CLANG_WARN_OBJC_IMPLICIT_RETAIN_SELF = YES;
				CLANG_WARN_OBJC_LITERAL_CONVERSION = YES;
				CLANG_WARN_OBJC_ROOT_CLASS = YES_ERROR;
				CLANG_WARN_QUOTED_INCLUDE_IN_FRAMEWORK_HEADER = YES;
				CLANG_WARN_RANGE_LOOP_ANALYSIS = YES;
				CLANG_WARN_STRICT_PROTOTYPES = YES;
				CLANG_WARN_SUSPICIOUS_MOVE = YES;
				CLANG_WARN_UNGUARDED_AVAILABILITY = YES_AGGRESSIVE;
				CLANG_WARN_UNREACHABLE_CODE = YES;
				CLANG_WARN__DUPLICATE_METHOD_MATCH = YES;
				COPY_PHASE_STRIP = NO;
				DEBUG_INFORMATION_FORMAT = "dwarf-with-dsym";
				ENABLE_NS_ASSERTIONS = NO;
				ENABLE_STRICT_OBJC_MSGSEND = YES;
				GCC_C_LANGUAGE_STANDARD = gnu11;
				GCC_NO_COMMON_BLOCKS = YES;
				GCC_WARN_64_TO_32_BIT_CONVERSION = YES;
				GCC_WARN_ABOUT_RETURN_TYPE = YES_ERROR;
				GCC_WARN_UNDECLARED_SELECTOR = YES;
				GCC_WARN_UNINITIALIZED_AUTOS = YES_AGGRESSIVE;
				GCC_WARN_UNUSED_FUNCTION = YES;
				GCC_WARN_UNUSED_VARIABLE = YES;
				IPHONEOS_DEPLOYMENT_TARGET = 15.5;
				MTL_ENABLE_DEBUG_INFO = NO;
				MTL_FAST_MATH = YES;
				SDKROOT = iphoneos;
				SWIFT_COMPILATION_MODE = wholemodule;
				SWIFT_OPTIMIZATION_LEVEL = "-O";
				VALIDATE_PRODUCT = YES;
			};
			name = Release;
		};
		F79ED36728B10BE700F85235 /* Debug */ = {
			isa = XCBuildConfiguration;
			buildSettings = {
				ASSETCATALOG_COMPILER_APPICON_NAME = AppIcon;
				ASSETCATALOG_COMPILER_GLOBAL_ACCENT_COLOR_NAME = AccentColor;
				CODE_SIGN_STYLE = Automatic;
				CURRENT_PROJECT_VERSION = 1;
				DEVELOPMENT_TEAM = ASKBC27NSG;
				GENERATE_INFOPLIST_FILE = YES;
				INFOPLIST_FILE = ToDo/App/Info.plist;
				INFOPLIST_KEY_UIApplicationSupportsIndirectInputEvents = YES;
				INFOPLIST_KEY_UILaunchStoryboardName = LaunchScreen;
				INFOPLIST_KEY_UIMainStoryboardFile = Main;
				INFOPLIST_KEY_UISupportedInterfaceOrientations_iPad = "UIInterfaceOrientationPortrait UIInterfaceOrientationPortraitUpsideDown UIInterfaceOrientationLandscapeLeft UIInterfaceOrientationLandscapeRight";
				INFOPLIST_KEY_UISupportedInterfaceOrientations_iPhone = "UIInterfaceOrientationPortrait UIInterfaceOrientationLandscapeLeft UIInterfaceOrientationLandscapeRight";
				LD_RUNPATH_SEARCH_PATHS = (
					"$(inherited)",
					"@executable_path/Frameworks",
				);
				MARKETING_VERSION = 1.0;
				PRODUCT_BUNDLE_IDENTIFIER = com.maximsamus.ToDo;
				PRODUCT_NAME = "$(TARGET_NAME)";
				SWIFT_EMIT_LOC_STRINGS = YES;
				SWIFT_VERSION = 5.0;
				TARGETED_DEVICE_FAMILY = 1;
			};
			name = Debug;
		};
		F79ED36828B10BE700F85235 /* Release */ = {
			isa = XCBuildConfiguration;
			buildSettings = {
				ASSETCATALOG_COMPILER_APPICON_NAME = AppIcon;
				ASSETCATALOG_COMPILER_GLOBAL_ACCENT_COLOR_NAME = AccentColor;
				CODE_SIGN_STYLE = Automatic;
				CURRENT_PROJECT_VERSION = 1;
				DEVELOPMENT_TEAM = ASKBC27NSG;
				GENERATE_INFOPLIST_FILE = YES;
				INFOPLIST_FILE = ToDo/App/Info.plist;
				INFOPLIST_KEY_UIApplicationSupportsIndirectInputEvents = YES;
				INFOPLIST_KEY_UILaunchStoryboardName = LaunchScreen;
				INFOPLIST_KEY_UIMainStoryboardFile = Main;
				INFOPLIST_KEY_UISupportedInterfaceOrientations_iPad = "UIInterfaceOrientationPortrait UIInterfaceOrientationPortraitUpsideDown UIInterfaceOrientationLandscapeLeft UIInterfaceOrientationLandscapeRight";
				INFOPLIST_KEY_UISupportedInterfaceOrientations_iPhone = "UIInterfaceOrientationPortrait UIInterfaceOrientationLandscapeLeft UIInterfaceOrientationLandscapeRight";
				LD_RUNPATH_SEARCH_PATHS = (
					"$(inherited)",
					"@executable_path/Frameworks",
				);
				MARKETING_VERSION = 1.0;
				PRODUCT_BUNDLE_IDENTIFIER = com.maximsamus.ToDo;
				PRODUCT_NAME = "$(TARGET_NAME)";
				SWIFT_EMIT_LOC_STRINGS = YES;
				SWIFT_VERSION = 5.0;
				TARGETED_DEVICE_FAMILY = 1;
			};
			name = Release;
		};
/* End XCBuildConfiguration section */

/* Begin XCConfigurationList section */
		F79ED34A28B10BE500F85235 /* Build configuration list for PBXProject "ToDo" */ = {
			isa = XCConfigurationList;
			buildConfigurations = (
				F79ED36428B10BE700F85235 /* Debug */,
				F79ED36528B10BE700F85235 /* Release */,
			);
			defaultConfigurationIsVisible = 0;
			defaultConfigurationName = Release;
		};
		F79ED36628B10BE700F85235 /* Build configuration list for PBXNativeTarget "ToDo" */ = {
			isa = XCConfigurationList;
			buildConfigurations = (
				F79ED36728B10BE700F85235 /* Debug */,
				F79ED36828B10BE700F85235 /* Release */,
			);
			defaultConfigurationIsVisible = 0;
			defaultConfigurationName = Release;
		};
/* End XCConfigurationList section */

/* Begin XCRemoteSwiftPackageReference section */
		F7ECC13E28BB9FB000756CB8 /* XCRemoteSwiftPackageReference "realm-swift" */ = {
			isa = XCRemoteSwiftPackageReference;
			repositoryURL = "https://github.com/realm/realm-swift.git";
			requirement = {
				branch = master;
				kind = branch;
			};
		};
/* End XCRemoteSwiftPackageReference section */

/* Begin XCSwiftPackageProductDependency section */
		F7ECC13F28BB9FB000756CB8 /* Realm */ = {
			isa = XCSwiftPackageProductDependency;
			package = F7ECC13E28BB9FB000756CB8 /* XCRemoteSwiftPackageReference "realm-swift" */;
			productName = Realm;
		};
		F7ECC14128BB9FB000756CB8 /* RealmSwift */ = {
			isa = XCSwiftPackageProductDependency;
			package = F7ECC13E28BB9FB000756CB8 /* XCRemoteSwiftPackageReference "realm-swift" */;
			productName = RealmSwift;
		};
/* End XCSwiftPackageProductDependency section */

/* Begin XCVersionGroup section */
		F79ED35B28B10BE500F85235 /* ToDo.xcdatamodeld */ = {
			isa = XCVersionGroup;
			children = (
				F79ED35C28B10BE500F85235 /* ToDo.xcdatamodel */,
			);
			currentVersion = F79ED35C28B10BE500F85235 /* ToDo.xcdatamodel */;
			path = ToDo.xcdatamodeld;
			sourceTree = "<group>";
			versionGroupType = wrapper.xcdatamodel;
		};
/* End XCVersionGroup section */
	};
	rootObject = F79ED34728B10BE500F85235 /* Project object */;
}
